
Microsoft Visual Studio Solution File, Format Version 11.00
# Visual Studio 2010
Project("{FAE04EC0-301F-11D3-BF4B-00C04F79EFBC}") = "CopyVSExecutableToIdealAutomate", "CopyVSExecutableToIdealAutomate\CopyVSExecutableToIdealAutomate.csproj", "{D95D594E-BB53-4549-BAFD-BB0AB96EF13A}"
EndProject
Global
	GlobalSection(SubversionScc) = preSolution
		Svn-Managed = True
		Manager = AnkhSVN - Subversion Support for Visual Studio
	EndGlobalSection
	GlobalSection(SolutionConfigurationPlatforms) = preSolution
		Debug|x86 = Debug|x86
		Release|x86 = Release|x86
	EndGlobalSection
	GlobalSection(ProjectConfigurationPlatforms) = postSolution
		{D95D594E-BB53-4549-BAFD-BB0AB96EF13A}.Debug|x86.ActiveCfg = Debug|x86
		{D95D594E-BB53-4549-BAFD-BB0AB96EF13A}.Debug|x86.Build.0 = Debug|x86
		{D95D594E-BB53-4549-BAFD-BB0AB96EF13A}.Release|x86.ActiveCfg = Release|x86
		{D95D594E-BB53-4549-BAFD-BB0AB96EF13A}.Release|x86.Build.0 = Release|x86
	EndGlobalSection
	GlobalSection(SolutionProperties) = preSolution
		HideSolutionNode = FALSE
	EndGlobalSection
EndGlobal
