Microsoft Visual Studio Solution File, Format Version 12.00
# Visual Studio Version 16
VisualStudioVersion = 16.0.30204.135
MinimumVisualStudioVersion = 10.0.40219.1
Project("{FAE04EC0-301F-11D3-BF4B-00C04F79EFBC}") = "DataGridFilterLibrary", "DataGridFilterLibrary\DataGridFilterLibrary.csproj", "{512FD53F-9AD1-46A1-A961-9FABDFAD50C5}"
EndProject
Project("{FAE04EC0-301F-11D3-BF4B-00C04F79EFBC}") = "JobShow", "DataGridFilterTest\JobShow.csproj", "{BA4417D8-3C70-4016-BFCC-56CFDC3A58F9}"
EndProject
Global
	GlobalSection(SolutionConfigurationPlatforms) = preSolution
		Debug|Any CPU = Debug|Any CPU
		Debug|x86 = Debug|x86
		Release|Any CPU = Release|Any CPU
		Release|x86 = Release|x86
	EndGlobalSection
	GlobalSection(ProjectConfigurationPlatforms) = postSolution
		{512FD53F-9AD1-46A1-A961-9FABDFAD50C5}.Debug|Any CPU.ActiveCfg = Debug|Any CPU
		{512FD53F-9AD1-46A1-A961-9FABDFAD50C5}.Debug|Any CPU.Build.0 = Debug|Any CPU
		{512FD53F-9AD1-46A1-A961-9FABDFAD50C5}.Debug|x86.ActiveCfg = Debug|Any CPU
		{512FD53F-9AD1-46A1-A961-9FABDFAD50C5}.Debug|x86.Build.0 = Debug|Any CPU
		{512FD53F-9AD1-46A1-A961-9FABDFAD50C5}.Release|Any CPU.ActiveCfg = Release|Any CPU
		{512FD53F-9AD1-46A1-A961-9FABDFAD50C5}.Release|Any CPU.Build.0 = Release|Any CPU
		{512FD53F-9AD1-46A1-A961-9FABDFAD50C5}.Release|x86.ActiveCfg = Release|Any CPU
		{512FD53F-9AD1-46A1-A961-9FABDFAD50C5}.Release|x86.Build.0 = Release|Any CPU
		{BA4417D8-3C70-4016-BFCC-56CFDC3A58F9}.Debug|Any CPU.ActiveCfg = Debug|Any CPU
		{BA4417D8-3C70-4016-BFCC-56CFDC3A58F9}.Debug|Any CPU.Build.0 = Debug|Any CPU
		{BA4417D8-3C70-4016-BFCC-56CFDC3A58F9}.Debug|x86.ActiveCfg = Debug|Any CPU
		{BA4417D8-3C70-4016-BFCC-56CFDC3A58F9}.Debug|x86.Build.0 = Debug|Any CPU
		{BA4417D8-3C70-4016-BFCC-56CFDC3A58F9}.Release|Any CPU.ActiveCfg = Release|Any CPU
		{BA4417D8-3C70-4016-BFCC-56CFDC3A58F9}.Release|Any CPU.Build.0 = Release|Any CPU
		{BA4417D8-3C70-4016-BFCC-56CFDC3A58F9}.Release|x86.ActiveCfg = Release|Any CPU
		{BA4417D8-3C70-4016-BFCC-56CFDC3A58F9}.Release|x86.Build.0 = Release|Any CPU
	EndGlobalSection
	GlobalSection(SolutionProperties) = preSolution
		HideSolutionNode = FALSE
	EndGlobalSection
	GlobalSection(ExtensibilityGlobals) = postSolution
		SolutionGuid = {71B0E81F-B709-4EF2-934B-BA22E7DB3E81}
	EndGlobalSection
EndGlobal
