
Microsoft Visual Studio Solution File, Format Version 11.00
# Visual Studio 2010
Project("{FAE04EC0-301F-11D3-BF4B-00C04F79EFBC}") = "testCSharpStuff", "testCSharpStuff\testCSharpStuff.csproj", "{ADA0968D-7697-40E7-B5AE-9869B0685DAA}"
EndProject
Global
	GlobalSection(SubversionScc) = preSolution
		Svn-Managed = True
		Manager = AnkhSVN - Subversion Support for Visual Studio
	EndGlobalSection
	GlobalSection(SolutionConfigurationPlatforms) = preSolution
		Debug|x86 = Debug|x86
		Release|x86 = Release|x86
	EndGlobalSection
	GlobalSection(ProjectConfigurationPlatforms) = postSolution
		{ADA0968D-7697-40E7-B5AE-9869B0685DAA}.Debug|x86.ActiveCfg = Debug|x86
		{ADA0968D-7697-40E7-B5AE-9869B0685DAA}.Debug|x86.Build.0 = Debug|x86
		{ADA0968D-7697-40E7-B5AE-9869B0685DAA}.Release|x86.ActiveCfg = Release|x86
		{ADA0968D-7697-40E7-B5AE-9869B0685DAA}.Release|x86.Build.0 = Release|x86
	EndGlobalSection
	GlobalSection(SolutionProperties) = preSolution
		HideSolutionNode = FALSE
	EndGlobalSection
EndGlobal
