
Microsoft Visual Studio Solution File, Format Version 11.00
# Visual Studio 2010
Project("{FAE04EC0-301F-11D3-BF4B-00C04F79EFBC}") = "ClearCache", "ClearCache\ClearCache.csproj", "{52D55E6F-1D8E-48A4-AA53-61BE1135FB0C}"
EndProject
Global
	GlobalSection(SubversionScc) = preSolution
		Svn-Managed = True
		Manager = AnkhSVN - Subversion Support for Visual Studio
	EndGlobalSection
	GlobalSection(SolutionConfigurationPlatforms) = preSolution
		Debug|x86 = Debug|x86
		Release|x86 = Release|x86
	EndGlobalSection
	GlobalSection(ProjectConfigurationPlatforms) = postSolution
		{52D55E6F-1D8E-48A4-AA53-61BE1135FB0C}.Debug|x86.ActiveCfg = Debug|x86
		{52D55E6F-1D8E-48A4-AA53-61BE1135FB0C}.Debug|x86.Build.0 = Debug|x86
		{52D55E6F-1D8E-48A4-AA53-61BE1135FB0C}.Release|x86.ActiveCfg = Release|x86
		{52D55E6F-1D8E-48A4-AA53-61BE1135FB0C}.Release|x86.Build.0 = Release|x86
	EndGlobalSection
	GlobalSection(SolutionProperties) = preSolution
		HideSolutionNode = FALSE
	EndGlobalSection
EndGlobal
