
Microsoft Visual Studio Solution File, Format Version 11.00
# Visual Studio 2010
Project("{FAE04EC0-301F-11D3-BF4B-00C04F79EFBC}") = "TestPassingParms", "TestPassingParms\TestPassingParms.csproj", "{66456ABF-8A99-4ADC-99DA-962A935FEC2F}"
EndProject
Global
	GlobalSection(SubversionScc) = preSolution
		Svn-Managed = True
		Manager = AnkhSVN - Subversion Support for Visual Studio
	EndGlobalSection
	GlobalSection(SolutionConfigurationPlatforms) = preSolution
		Debug|x86 = Debug|x86
		Release|x86 = Release|x86
	EndGlobalSection
	GlobalSection(ProjectConfigurationPlatforms) = postSolution
		{66456ABF-8A99-4ADC-99DA-962A935FEC2F}.Debug|x86.ActiveCfg = Debug|x86
		{66456ABF-8A99-4ADC-99DA-962A935FEC2F}.Debug|x86.Build.0 = Debug|x86
		{66456ABF-8A99-4ADC-99DA-962A935FEC2F}.Release|x86.ActiveCfg = Release|x86
		{66456ABF-8A99-4ADC-99DA-962A935FEC2F}.Release|x86.Build.0 = Release|x86
	EndGlobalSection
	GlobalSection(SolutionProperties) = preSolution
		HideSolutionNode = FALSE
	EndGlobalSection
EndGlobal
