
Microsoft Visual Studio Solution File, Format Version 12.00
# Visual Studio 2013
VisualStudioVersion = 12.0.40629.0
MinimumVisualStudioVersion = 10.0.40219.1
Project("{FAE04EC0-301F-11D3-BF4B-00C04F79EFBC}") = "IdealAutomateCore", "IdealAutomateCore\IdealAutomateCore.csproj", "{109780DD-3FC0-4F59-9623-9617586ACC1B}"
EndProject
Global
	GlobalSection(SolutionConfigurationPlatforms) = preSolution
		Debug|Any CPU = Debug|Any CPU
		Release|Any CPU = Release|Any CPU
	EndGlobalSection
	GlobalSection(ProjectConfigurationPlatforms) = postSolution
		{109780DD-3FC0-4F59-9623-9617586ACC1B}.Debug|Any CPU.ActiveCfg = Debug|Any CPU
		{109780DD-3FC0-4F59-9623-9617586ACC1B}.Debug|Any CPU.Build.0 = Debug|Any CPU
		{109780DD-3FC0-4F59-9623-9617586ACC1B}.Release|Any CPU.ActiveCfg = Release|Any CPU
		{109780DD-3FC0-4F59-9623-9617586ACC1B}.Release|Any CPU.Build.0 = Release|Any CPU
	EndGlobalSection
	GlobalSection(SolutionProperties) = preSolution
		HideSolutionNode = FALSE
	EndGlobalSection
EndGlobal
